
Microsoft Visual Studio Solution File, Format Version 12.00
# Visual Studio Version 17
VisualStudioVersion = 17.8.34309.116
MinimumVisualStudioVersion = 10.0.40219.1
Project("{FAE04EC0-301F-11D3-BF4B-00C04F79EFBC}") = "RarExample.ConsoleApp", "RarExample.ConsoleApp\RarExample.ConsoleApp.csproj", "{C0378D7E-5E1A-45BF-91C6-149EADFA5D8D}"
EndProject
Global
	GlobalSection(SolutionConfigurationPlatforms) = preSolution
		Debug|Any CPU = Debug|Any CPU
		Release|Any CPU = Release|Any CPU
	EndGlobalSection
	GlobalSection(ProjectConfigurationPlatforms) = postSolution
		{C0378D7E-5E1A-45BF-91C6-149EADFA5D8D}.Debug|Any CPU.ActiveCfg = Debug|Any CPU
		{C0378D7E-5E1A-45BF-91C6-149EADFA5D8D}.Debug|Any CPU.Build.0 = Debug|Any CPU
		{C0378D7E-5E1A-45BF-91C6-149EADFA5D8D}.Release|Any CPU.ActiveCfg = Release|Any CPU
		{C0378D7E-5E1A-45BF-91C6-149EADFA5D8D}.Release|Any CPU.Build.0 = Release|Any CPU
	EndGlobalSection
	GlobalSection(SolutionProperties) = preSolution
		HideSolutionNode = FALSE
	EndGlobalSection
	GlobalSection(ExtensibilityGlobals) = postSolution
		SolutionGuid = {0FDD1180-8EAB-45C7-932B-2584BCE0495D}
	EndGlobalSection
EndGlobal
